
Microsoft Visual Studio Solution File, Format Version 12.00
Project("{FAE04EC0-301F-11D3-BF4B-00C04F79EFBC}") = "BookManagement", "BookManagement\BookManagement.csproj", "{4EEFFF42-B8D7-4A5F-9669-ED38BC54AABC}"
EndProject
Project("{FAE04EC0-301F-11D3-BF4B-00C04F79EFBC}") = "AccountManagement", "AccountManagement\AccountManagement.csproj", "{2A4113C9-BFD3-462F-BDA0-CF0912643DF2}"
EndProject
Global
	GlobalSection(SolutionConfigurationPlatforms) = preSolution
		Debug|Any CPU = Debug|Any CPU
		Release|Any CPU = Release|Any CPU
	EndGlobalSection
	GlobalSection(ProjectConfigurationPlatforms) = postSolution
		{4EEFFF42-B8D7-4A5F-9669-ED38BC54AABC}.Debug|Any CPU.ActiveCfg = Debug|Any CPU
		{4EEFFF42-B8D7-4A5F-9669-ED38BC54AABC}.Debug|Any CPU.Build.0 = Debug|Any CPU
		{4EEFFF42-B8D7-4A5F-9669-ED38BC54AABC}.Release|Any CPU.ActiveCfg = Release|Any CPU
		{4EEFFF42-B8D7-4A5F-9669-ED38BC54AABC}.Release|Any CPU.Build.0 = Release|Any CPU
		{2A4113C9-BFD3-462F-BDA0-CF0912643DF2}.Debug|Any CPU.ActiveCfg = Debug|Any CPU
		{2A4113C9-BFD3-462F-BDA0-CF0912643DF2}.Debug|Any CPU.Build.0 = Debug|Any CPU
		{2A4113C9-BFD3-462F-BDA0-CF0912643DF2}.Release|Any CPU.ActiveCfg = Release|Any CPU
		{2A4113C9-BFD3-462F-BDA0-CF0912643DF2}.Release|Any CPU.Build.0 = Release|Any CPU
	EndGlobalSection
EndGlobal
