
Microsoft Visual Studio Solution File, Format Version 12.00
# Visual Studio Version 17
VisualStudioVersion = 17.3.32819.101
MinimumVisualStudioVersion = 10.0.40219.1
Project("{9A19103F-16F7-4668-BE54-9A1E7A4F7556}") = "LinqExample", "LinqExample\LinqExample.csproj", "{4A4D0575-A9D0-4CE6-A56F-8880B157182E}"
EndProject
Project("{9A19103F-16F7-4668-BE54-9A1E7A4F7556}") = "AddNumber", "AddNumber\AddNumber.csproj", "{38862496-4B45-4782-8078-7244FF0E63E4}"
EndProject
Project("{9A19103F-16F7-4668-BE54-9A1E7A4F7556}") = "DemoCommonControls", "DemoCommonControls\DemoCommonControls.csproj", "{C62B4193-6196-4866-A3A8-4B78AF8BBDB0}"
EndProject
Project("{9A19103F-16F7-4668-BE54-9A1E7A4F7556}") = "MyApp", "MyApp\MyApp.csproj", "{C50668D7-AEEC-4EBA-AD70-9D67952EDFC4}"
EndProject
Project("{FAE04EC0-301F-11D3-BF4B-00C04F79EFBC}") = "MyMDIApp", "MyMDIApp\MyMDIApp.csproj", "{9B2B9D43-43AB-4B8C-BCD1-117197B48C70}"
EndProject
Global
	GlobalSection(SolutionConfigurationPlatforms) = preSolution
		Debug|Any CPU = Debug|Any CPU
		Release|Any CPU = Release|Any CPU
	EndGlobalSection
	GlobalSection(ProjectConfigurationPlatforms) = postSolution
		{4A4D0575-A9D0-4CE6-A56F-8880B157182E}.Debug|Any CPU.ActiveCfg = Debug|Any CPU
		{4A4D0575-A9D0-4CE6-A56F-8880B157182E}.Debug|Any CPU.Build.0 = Debug|Any CPU
		{4A4D0575-A9D0-4CE6-A56F-8880B157182E}.Release|Any CPU.ActiveCfg = Release|Any CPU
		{4A4D0575-A9D0-4CE6-A56F-8880B157182E}.Release|Any CPU.Build.0 = Release|Any CPU
		{38862496-4B45-4782-8078-7244FF0E63E4}.Debug|Any CPU.ActiveCfg = Debug|Any CPU
		{38862496-4B45-4782-8078-7244FF0E63E4}.Debug|Any CPU.Build.0 = Debug|Any CPU
		{38862496-4B45-4782-8078-7244FF0E63E4}.Release|Any CPU.ActiveCfg = Release|Any CPU
		{38862496-4B45-4782-8078-7244FF0E63E4}.Release|Any CPU.Build.0 = Release|Any CPU
		{C62B4193-6196-4866-A3A8-4B78AF8BBDB0}.Debug|Any CPU.ActiveCfg = Debug|Any CPU
		{C62B4193-6196-4866-A3A8-4B78AF8BBDB0}.Debug|Any CPU.Build.0 = Debug|Any CPU
		{C62B4193-6196-4866-A3A8-4B78AF8BBDB0}.Release|Any CPU.ActiveCfg = Release|Any CPU
		{C62B4193-6196-4866-A3A8-4B78AF8BBDB0}.Release|Any CPU.Build.0 = Release|Any CPU
		{C50668D7-AEEC-4EBA-AD70-9D67952EDFC4}.Debug|Any CPU.ActiveCfg = Debug|Any CPU
		{C50668D7-AEEC-4EBA-AD70-9D67952EDFC4}.Debug|Any CPU.Build.0 = Debug|Any CPU
		{C50668D7-AEEC-4EBA-AD70-9D67952EDFC4}.Release|Any CPU.ActiveCfg = Release|Any CPU
		{C50668D7-AEEC-4EBA-AD70-9D67952EDFC4}.Release|Any CPU.Build.0 = Release|Any CPU
		{9B2B9D43-43AB-4B8C-BCD1-117197B48C70}.Debug|Any CPU.ActiveCfg = Debug|Any CPU
		{9B2B9D43-43AB-4B8C-BCD1-117197B48C70}.Debug|Any CPU.Build.0 = Debug|Any CPU
		{9B2B9D43-43AB-4B8C-BCD1-117197B48C70}.Release|Any CPU.ActiveCfg = Release|Any CPU
		{9B2B9D43-43AB-4B8C-BCD1-117197B48C70}.Release|Any CPU.Build.0 = Release|Any CPU
	EndGlobalSection
	GlobalSection(SolutionProperties) = preSolution
		HideSolutionNode = FALSE
	EndGlobalSection
	GlobalSection(ExtensibilityGlobals) = postSolution
		SolutionGuid = {AC3F9960-32D7-40EE-A331-89EC0AAFFA9D}
	EndGlobalSection
EndGlobal
